// !$*UTF8*$!
{
	archiveVersion = 1;
	classes = {
	};
	objectVersion = 50;
	objects = {

/* Begin PBXBuildFile section */
		A2521DCF26ABF82F009270A5 /* AppDelegate.swift in Sources */ = {isa = PBXBuildFile; fileRef = A2521DCE26ABF82F009270A5 /* AppDelegate.swift */; };
		A2521DD326ABF82F009270A5 /* LibraryViewController.swift in Sources */ = {isa = PBXBuildFile; fileRef = A2521DD226ABF82F009270A5 /* LibraryViewController.swift */; };
		A2521DD826ABF830009270A5 /* Assets.xcassets in Resources */ = {isa = PBXBuildFile; fileRef = A2521DD726ABF830009270A5 /* Assets.xcassets */; };
		A2521DDB26ABF830009270A5 /* LaunchScreen.storyboard in Resources */ = {isa = PBXBuildFile; fileRef = A2521DD926ABF830009270A5 /* LaunchScreen.storyboard */; };
		A2521DE326AC021F009270A5 /* DrawingViewController.swift in Sources */ = {isa = PBXBuildFile; fileRef = A2521DE226AC021F009270A5 /* DrawingViewController.swift */; };
		A2CAB7A226B0AC8000482C5D /* Tool.swift in Sources */ = {isa = PBXBuildFile; fileRef = A2CAB7A126B0AC8000482C5D /* Tool.swift */; };
		A2CAB7A626B0B9C900482C5D /* StorageService.swift in Sources */ = {isa = PBXBuildFile; fileRef = A2CAB7A526B0B9C900482C5D /* StorageService.swift */; };
		A2CAB7A826B0D4D100482C5D /* DateToday.swift in Sources */ = {isa = PBXBuildFile; fileRef = A2CAB7A726B0D4D100482C5D /* DateToday.swift */; };
		B4E4C9D126AC07F5009AD0A6 /* LibraryCollectionViewCell.swift in Sources */ = {isa = PBXBuildFile; fileRef = B4E4C9D026AC07F5009AD0A6 /* LibraryCollectionViewCell.swift */; };
		B4E4C9D526AC0F84009AD0A6 /* Drawing.swift in Sources */ = {isa = PBXBuildFile; fileRef = B4E4C9D426AC0F84009AD0A6 /* Drawing.swift */; };
		B4E4C9D726AC5386009AD0A6 /* DrawingCanvasViewController.swift in Sources */ = {isa = PBXBuildFile; fileRef = B4E4C9D626AC5386009AD0A6 /* DrawingCanvasViewController.swift */; };
		E70CBB9F26AD8EBD0003350B /* ColorsTableViewCell.swift in Sources */ = {isa = PBXBuildFile; fileRef = E70CBB9E26AD8EBD0003350B /* ColorsTableViewCell.swift */; };
		E72EC7F526AD9FC300A2766F /* FirstColorsTableViewCell.swift in Sources */ = {isa = PBXBuildFile; fileRef = E72EC7F426AD9FC300A2766F /* FirstColorsTableViewCell.swift */; };
		E72EC7F826ADA62300A2766F /* PrototypeColorsTableViewCell.swift in Sources */ = {isa = PBXBuildFile; fileRef = E72EC7F726ADA62300A2766F /* PrototypeColorsTableViewCell.swift */; };
		E7ADD04B26B05AF400B3F39C /* GradientView.swift in Sources */ = {isa = PBXBuildFile; fileRef = E7ADD04A26B05AF400B3F39C /* GradientView.swift */; };
		E7ADD05126B0620500B3F39C /* Direction.swift in Sources */ = {isa = PBXBuildFile; fileRef = E7ADD05026B0620500B3F39C /* Direction.swift */; };
		E7F267BD26AED9680068A648 /* ToolsCollectionViewCell.swift in Sources */ = {isa = PBXBuildFile; fileRef = E7F267BC26AED9680068A648 /* ToolsCollectionViewCell.swift */; };
		E7F267C426AF0A8A0068A648 /* ToolsCollectionViewFlowLayout.swift in Sources */ = {isa = PBXBuildFile; fileRef = E7F267C326AF0A8A0068A648 /* ToolsCollectionViewFlowLayout.swift */; };
		E7F8B09826AC1E6B00AE0B49 /* Button.swift in Sources */ = {isa = PBXBuildFile; fileRef = E7F8B09726AC1E6B00AE0B49 /* Button.swift */; };
/* End PBXBuildFile section */

/* Begin PBXFileReference section */
		A2521DCB26ABF82F009270A5 /* Paint.app */ = {isa = PBXFileReference; explicitFileType = wrapper.application; includeInIndex = 0; path = Paint.app; sourceTree = BUILT_PRODUCTS_DIR; };
		A2521DCE26ABF82F009270A5 /* AppDelegate.swift */ = {isa = PBXFileReference; lastKnownFileType = sourcecode.swift; path = AppDelegate.swift; sourceTree = "<group>"; };
		A2521DD226ABF82F009270A5 /* LibraryViewController.swift */ = {isa = PBXFileReference; lastKnownFileType = sourcecode.swift; path = LibraryViewController.swift; sourceTree = "<group>"; };
		A2521DD726ABF830009270A5 /* Assets.xcassets */ = {isa = PBXFileReference; lastKnownFileType = folder.assetcatalog; path = Assets.xcassets; sourceTree = "<group>"; };
		A2521DDA26ABF830009270A5 /* Base */ = {isa = PBXFileReference; lastKnownFileType = file.storyboard; name = Base; path = Base.lproj/LaunchScreen.storyboard; sourceTree = "<group>"; };
		A2521DDC26ABF831009270A5 /* Info.plist */ = {isa = PBXFileReference; lastKnownFileType = text.plist.xml; path = Info.plist; sourceTree = "<group>"; };
		A2521DE226AC021F009270A5 /* DrawingViewController.swift */ = {isa = PBXFileReference; lastKnownFileType = sourcecode.swift; path = DrawingViewController.swift; sourceTree = "<group>"; };
		A2CAB7A126B0AC8000482C5D /* Tool.swift */ = {isa = PBXFileReference; lastKnownFileType = sourcecode.swift; path = Tool.swift; sourceTree = "<group>"; };
		A2CAB7A526B0B9C900482C5D /* StorageService.swift */ = {isa = PBXFileReference; lastKnownFileType = sourcecode.swift; path = StorageService.swift; sourceTree = "<group>"; };
		A2CAB7A726B0D4D100482C5D /* DateToday.swift */ = {isa = PBXFileReference; lastKnownFileType = sourcecode.swift; path = DateToday.swift; sourceTree = "<group>"; };
		B4E4C9D026AC07F5009AD0A6 /* LibraryCollectionViewCell.swift */ = {isa = PBXFileReference; lastKnownFileType = sourcecode.swift; name = LibraryCollectionViewCell.swift; path = Paint/Flows/Library/View/LibraryCollectionViewCell.swift; sourceTree = SOURCE_ROOT; };
		B4E4C9D426AC0F84009AD0A6 /* Drawing.swift */ = {isa = PBXFileReference; lastKnownFileType = sourcecode.swift; name = Drawing.swift; path = Paint/Flows/Library/Model/Drawing.swift; sourceTree = SOURCE_ROOT; };
		B4E4C9D626AC5386009AD0A6 /* DrawingCanvasViewController.swift */ = {isa = PBXFileReference; lastKnownFileType = sourcecode.swift; name = DrawingCanvasViewController.swift; path = Paint/Flows/Draw/Controller/DrawingCanvasViewController.swift; sourceTree = SOURCE_ROOT; };
		E70CBB9E26AD8EBD0003350B /* ColorsTableViewCell.swift */ = {isa = PBXFileReference; lastKnownFileType = sourcecode.swift; path = ColorsTableViewCell.swift; sourceTree = "<group>"; };
		E72EC7F426AD9FC300A2766F /* FirstColorsTableViewCell.swift */ = {isa = PBXFileReference; lastKnownFileType = sourcecode.swift; path = FirstColorsTableViewCell.swift; sourceTree = "<group>"; };
		E72EC7F726ADA62300A2766F /* PrototypeColorsTableViewCell.swift */ = {isa = PBXFileReference; lastKnownFileType = sourcecode.swift; path = PrototypeColorsTableViewCell.swift; sourceTree = "<group>"; };
		E7ADD04A26B05AF400B3F39C /* GradientView.swift */ = {isa = PBXFileReference; lastKnownFileType = sourcecode.swift; path = GradientView.swift; sourceTree = "<group>"; };
		E7ADD05026B0620500B3F39C /* Direction.swift */ = {isa = PBXFileReference; lastKnownFileType = sourcecode.swift; path = Direction.swift; sourceTree = "<group>"; };
		E7F267BC26AED9680068A648 /* ToolsCollectionViewCell.swift */ = {isa = PBXFileReference; lastKnownFileType = sourcecode.swift; path = ToolsCollectionViewCell.swift; sourceTree = "<group>"; };
		E7F267C326AF0A8A0068A648 /* ToolsCollectionViewFlowLayout.swift */ = {isa = PBXFileReference; lastKnownFileType = sourcecode.swift; path = ToolsCollectionViewFlowLayout.swift; sourceTree = "<group>"; };
		E7F8B09726AC1E6B00AE0B49 /* Button.swift */ = {isa = PBXFileReference; lastKnownFileType = sourcecode.swift; path = Button.swift; sourceTree = "<group>"; };
/* End PBXFileReference section */

/* Begin PBXFrameworksBuildPhase section */
		A2521DC826ABF82F009270A5 /* Frameworks */ = {
			isa = PBXFrameworksBuildPhase;
			buildActionMask = 2147483647;
			files = (
			);
			runOnlyForDeploymentPostprocessing = 0;
		};
/* End PBXFrameworksBuildPhase section */

/* Begin PBXGroup section */
		A2521DC226ABF82F009270A5 = {
			isa = PBXGroup;
			children = (
				A2521DCD26ABF82F009270A5 /* Paint */,
				A2521DCC26ABF82F009270A5 /* Products */,
			);
			sourceTree = "<group>";
		};
		A2521DCC26ABF82F009270A5 /* Products */ = {
			isa = PBXGroup;
			children = (
				A2521DCB26ABF82F009270A5 /* Paint.app */,
			);
			name = Products;
			sourceTree = "<group>";
		};
		A2521DCD26ABF82F009270A5 /* Paint */ = {
			isa = PBXGroup;
			children = (
				A2521DCE26ABF82F009270A5 /* AppDelegate.swift */,
				A2521DE426AC026D009270A5 /* Flows */,
				A2521DD726ABF830009270A5 /* Assets.xcassets */,
				A2521DD926ABF830009270A5 /* LaunchScreen.storyboard */,
				A2521DDC26ABF831009270A5 /* Info.plist */,
			);
			path = Paint;
			sourceTree = "<group>";
		};
		A2521DE426AC026D009270A5 /* Flows */ = {
			isa = PBXGroup;
			children = (
				A2CAB7A926B1A8D200482C5D /* Services */,
				A2521DE526AC0287009270A5 /* Library */,
				A2521DE626AC028E009270A5 /* Draw */,
			);
			path = Flows;
			sourceTree = "<group>";
		};
		A2521DE526AC0287009270A5 /* Library */ = {
			isa = PBXGroup;
			children = (
				B4E4C9D226AC0859009AD0A6 /* Model */,
				B4E4C9D326AC0863009AD0A6 /* View */,
				A2521DE726AC02D6009270A5 /* Controller */,
			);
			path = Library;
			sourceTree = "<group>";
		};
		A2521DE626AC028E009270A5 /* Draw */ = {
			isa = PBXGroup;
			children = (
				A2521DED26AC0368009270A5 /* Model */,
				E7F8B09626AC1E3500AE0B49 /* View */,
				A2521DEB26AC0357009270A5 /* Controller */,
			);
			path = Draw;
			sourceTree = "<group>";
		};
		A2521DE726AC02D6009270A5 /* Controller */ = {
			isa = PBXGroup;
			children = (
				A2521DD226ABF82F009270A5 /* LibraryViewController.swift */,
			);
			path = Controller;
			sourceTree = "<group>";
		};
		A2521DEB26AC0357009270A5 /* Controller */ = {
			isa = PBXGroup;
			children = (
				A2521DE226AC021F009270A5 /* DrawingViewController.swift */,
				B4E4C9D626AC5386009AD0A6 /* DrawingCanvasViewController.swift */,
			);
			path = Controller;
			sourceTree = "<group>";
		};
		A2521DED26AC0368009270A5 /* Model */ = {
			isa = PBXGroup;
			children = (
				E7ADD05026B0620500B3F39C /* Direction.swift */,
				A2CAB7A126B0AC8000482C5D /* Tool.swift */,
			);
			path = Model;
			sourceTree = "<group>";
		};
		A2CAB7A926B1A8D200482C5D /* Services */ = {
			isa = PBXGroup;
			children = (
				A2CAB7A526B0B9C900482C5D /* StorageService.swift */,
				A2CAB7A726B0D4D100482C5D /* DateToday.swift */,
			);
			path = Services;
			sourceTree = "<group>";
		};
		B4E4C9D226AC0859009AD0A6 /* Model */ = {
			isa = PBXGroup;
			children = (
				B4E4C9D426AC0F84009AD0A6 /* Drawing.swift */,
			);
			path = Model;
			sourceTree = "<group>";
		};
		B4E4C9D326AC0863009AD0A6 /* View */ = {
			isa = PBXGroup;
			children = (
				B4E4C9D026AC07F5009AD0A6 /* LibraryCollectionViewCell.swift */,
			);
			path = View;
			sourceTree = "<group>";
		};
		E7F267BA26AED8DA0068A648 /* ColorsTableViewCell */ = {
			isa = PBXGroup;
			children = (
				E70CBB9E26AD8EBD0003350B /* ColorsTableViewCell.swift */,
				E72EC7F426AD9FC300A2766F /* FirstColorsTableViewCell.swift */,
				E72EC7F726ADA62300A2766F /* PrototypeColorsTableViewCell.swift */,
			);
			path = ColorsTableViewCell;
			sourceTree = "<group>";
		};
		E7F267BB26AED9060068A648 /* ToolsCollectionViewCell */ = {
			isa = PBXGroup;
			children = (
				E7F267BC26AED9680068A648 /* ToolsCollectionViewCell.swift */,
				E7F267C326AF0A8A0068A648 /* ToolsCollectionViewFlowLayout.swift */,
			);
			path = ToolsCollectionViewCell;
			sourceTree = "<group>";
		};
		E7F8B09626AC1E3500AE0B49 /* View */ = {
			isa = PBXGroup;
			children = (
				E7F267BB26AED9060068A648 /* ToolsCollectionViewCell */,
				E7F267BA26AED8DA0068A648 /* ColorsTableViewCell */,
				E7F8B09726AC1E6B00AE0B49 /* Button.swift */,
				E7ADD04A26B05AF400B3F39C /* GradientView.swift */,
			);
			path = View;
			sourceTree = "<group>";
		};
/* End PBXGroup section */

/* Begin PBXNativeTarget section */
		A2521DCA26ABF82F009270A5 /* Paint */ = {
			isa = PBXNativeTarget;
			buildConfigurationList = A2521DDF26ABF831009270A5 /* Build configuration list for PBXNativeTarget "Paint" */;
			buildPhases = (
				A2521DC726ABF82F009270A5 /* Sources */,
				A2521DC826ABF82F009270A5 /* Frameworks */,
				A2521DC926ABF82F009270A5 /* Resources */,
			);
			buildRules = (
			);
			dependencies = (
			);
			name = Paint;
			productName = Paint;
			productReference = A2521DCB26ABF82F009270A5 /* Paint.app */;
			productType = "com.apple.product-type.application";
		};
/* End PBXNativeTarget section */

/* Begin PBXProject section */
		A2521DC326ABF82F009270A5 /* Project object */ = {
			isa = PBXProject;
			attributes = {
				LastSwiftUpdateCheck = 1250;
				LastUpgradeCheck = 1250;
				TargetAttributes = {
					A2521DCA26ABF82F009270A5 = {
						CreatedOnToolsVersion = 12.5.1;
					};
				};
			};
			buildConfigurationList = A2521DC626ABF82F009270A5 /* Build configuration list for PBXProject "Paint" */;
			compatibilityVersion = "Xcode 9.3";
			developmentRegion = en;
			hasScannedForEncodings = 0;
			knownRegions = (
				en,
				Base,
			);
			mainGroup = A2521DC226ABF82F009270A5;
			productRefGroup = A2521DCC26ABF82F009270A5 /* Products */;
			projectDirPath = "";
			projectRoot = "";
			targets = (
				A2521DCA26ABF82F009270A5 /* Paint */,
			);
		};
/* End PBXProject section */

/* Begin PBXResourcesBuildPhase section */
		A2521DC926ABF82F009270A5 /* Resources */ = {
			isa = PBXResourcesBuildPhase;
			buildActionMask = 2147483647;
			files = (
				A2521DDB26ABF830009270A5 /* LaunchScreen.storyboard in Resources */,
				A2521DD826ABF830009270A5 /* Assets.xcassets in Resources */,
			);
			runOnlyForDeploymentPostprocessing = 0;
		};
/* End PBXResourcesBuildPhase section */

/* Begin PBXSourcesBuildPhase section */
		A2521DC726ABF82F009270A5 /* Sources */ = {
			isa = PBXSourcesBuildPhase;
			buildActionMask = 2147483647;
			files = (
				B4E4C9D726AC5386009AD0A6 /* DrawingCanvasViewController.swift in Sources */,
				E7ADD05126B0620500B3F39C /* Direction.swift in Sources */,
				E70CBB9F26AD8EBD0003350B /* ColorsTableViewCell.swift in Sources */,
				A2CAB7A226B0AC8000482C5D /* Tool.swift in Sources */,
				A2521DE326AC021F009270A5 /* DrawingViewController.swift in Sources */,
				A2CAB7A626B0B9C900482C5D /* StorageService.swift in Sources */,
				E7F267BD26AED9680068A648 /* ToolsCollectionViewCell.swift in Sources */,
				E7F267C426AF0A8A0068A648 /* ToolsCollectionViewFlowLayout.swift in Sources */,
				E72EC7F526AD9FC300A2766F /* FirstColorsTableViewCell.swift in Sources */,
				E7F8B09826AC1E6B00AE0B49 /* Button.swift in Sources */,
				A2CAB7A826B0D4D100482C5D /* DateToday.swift in Sources */,
				B4E4C9D126AC07F5009AD0A6 /* LibraryCollectionViewCell.swift in Sources */,
				A2521DD326ABF82F009270A5 /* LibraryViewController.swift in Sources */,
				A2521DCF26ABF82F009270A5 /* AppDelegate.swift in Sources */,
				B4E4C9D526AC0F84009AD0A6 /* Drawing.swift in Sources */,
				E7ADD04B26B05AF400B3F39C /* GradientView.swift in Sources */,
				E72EC7F826ADA62300A2766F /* PrototypeColorsTableViewCell.swift in Sources */,
			);
			runOnlyForDeploymentPostprocessing = 0;
		};
/* End PBXSourcesBuildPhase section */

/* Begin PBXVariantGroup section */
		A2521DD926ABF830009270A5 /* LaunchScreen.storyboard */ = {
			isa = PBXVariantGroup;
			children = (
				A2521DDA26ABF830009270A5 /* Base */,
			);
			name = LaunchScreen.storyboard;
			sourceTree = "<group>";
		};
/* End PBXVariantGroup section */

/* Begin XCBuildConfiguration section */
		A2521DDD26ABF831009270A5 /* Debug */ = {
			isa = XCBuildConfiguration;
			buildSettings = {
				ALWAYS_SEARCH_USER_PATHS = NO;
				CLANG_ANALYZER_NONNULL = YES;
				CLANG_ANALYZER_NUMBER_OBJECT_CONVERSION = YES_AGGRESSIVE;
				CLANG_CXX_LANGUAGE_STANDARD = "gnu++14";
				CLANG_CXX_LIBRARY = "libc++";
				CLANG_ENABLE_MODULES = YES;
				CLANG_ENABLE_OBJC_ARC = YES;
				CLANG_ENABLE_OBJC_WEAK = YES;
				CLANG_WARN_BLOCK_CAPTURE_AUTORELEASING = YES;
				CLANG_WARN_BOOL_CONVERSION = YES;
				CLANG_WARN_COMMA = YES;
				CLANG_WARN_CONSTANT_CONVERSION = YES;
				CLANG_WARN_DEPRECATED_OBJC_IMPLEMENTATIONS = YES;
				CLANG_WARN_DIRECT_OBJC_ISA_USAGE = YES_ERROR;
				CLANG_WARN_DOCUMENTATION_COMMENTS = YES;
				CLANG_WARN_EMPTY_BODY = YES;
				CLANG_WARN_ENUM_CONVERSION = YES;
				CLANG_WARN_INFINITE_RECURSION = YES;
				CLANG_WARN_INT_CONVERSION = YES;
				CLANG_WARN_NON_LITERAL_NULL_CONVERSION = YES;
				CLANG_WARN_OBJC_IMPLICIT_RETAIN_SELF = YES;
				CLANG_WARN_OBJC_LITERAL_CONVERSION = YES;
				CLANG_WARN_OBJC_ROOT_CLASS = YES_ERROR;
				CLANG_WARN_QUOTED_INCLUDE_IN_FRAMEWORK_HEADER = YES;
				CLANG_WARN_RANGE_LOOP_ANALYSIS = YES;
				CLANG_WARN_STRICT_PROTOTYPES = YES;
				CLANG_WARN_SUSPICIOUS_MOVE = YES;
				CLANG_WARN_UNGUARDED_AVAILABILITY = YES_AGGRESSIVE;
				CLANG_WARN_UNREACHABLE_CODE = YES;
				CLANG_WARN__DUPLICATE_METHOD_MATCH = YES;
				COPY_PHASE_STRIP = NO;
				DEBUG_INFORMATION_FORMAT = dwarf;
				ENABLE_STRICT_OBJC_MSGSEND = YES;
				ENABLE_TESTABILITY = YES;
				GCC_C_LANGUAGE_STANDARD = gnu11;
				GCC_DYNAMIC_NO_PIC = NO;
				GCC_NO_COMMON_BLOCKS = YES;
				GCC_OPTIMIZATION_LEVEL = 0;
				GCC_PREPROCESSOR_DEFINITIONS = (
					"DEBUG=1",
					"$(inherited)",
				);
				GCC_WARN_64_TO_32_BIT_CONVERSION = YES;
				GCC_WARN_ABOUT_RETURN_TYPE = YES_ERROR;
				GCC_WARN_UNDECLARED_SELECTOR = YES;
				GCC_WARN_UNINITIALIZED_AUTOS = YES_AGGRESSIVE;
				GCC_WARN_UNUSED_FUNCTION = YES;
				GCC_WARN_UNUSED_VARIABLE = YES;
				IPHONEOS_DEPLOYMENT_TARGET = 12.3;
				MTL_ENABLE_DEBUG_INFO = INCLUDE_SOURCE;
				MTL_FAST_MATH = YES;
				ONLY_ACTIVE_ARCH = YES;
				SDKROOT = iphoneos;
				SWIFT_ACTIVE_COMPILATION_CONDITIONS = DEBUG;
				SWIFT_OPTIMIZATION_LEVEL = "-Onone";
			};
			name = Debug;
		};
		A2521DDE26ABF831009270A5 /* Release */ = {
			isa = XCBuildConfiguration;
			buildSettings = {
				ALWAYS_SEARCH_USER_PATHS = NO;
				CLANG_ANALYZER_NONNULL = YES;
				CLANG_ANALYZER_NUMBER_OBJECT_CONVERSION = YES_AGGRESSIVE;
				CLANG_CXX_LANGUAGE_STANDARD = "gnu++14";
				CLANG_CXX_LIBRARY = "libc++";
				CLANG_ENABLE_MODULES = YES;
				CLANG_ENABLE_OBJC_ARC = YES;
				CLANG_ENABLE_OBJC_WEAK = YES;
				CLANG_WARN_BLOCK_CAPTURE_AUTORELEASING = YES;
				CLANG_WARN_BOOL_CONVERSION = YES;
				CLANG_WARN_COMMA = YES;
				CLANG_WARN_CONSTANT_CONVERSION = YES;
				CLANG_WARN_DEPRECATED_OBJC_IMPLEMENTATIONS = YES;
				CLANG_WARN_DIRECT_OBJC_ISA_USAGE = YES_ERROR;
				CLANG_WARN_DOCUMENTATION_COMMENTS = YES;
				CLANG_WARN_EMPTY_BODY = YES;
				CLANG_WARN_ENUM_CONVERSION = YES;
				CLANG_WARN_INFINITE_RECURSION = YES;
				CLANG_WARN_INT_CONVERSION = YES;
				CLANG_WARN_NON_LITERAL_NULL_CONVERSION = YES;
				CLANG_WARN_OBJC_IMPLICIT_RETAIN_SELF = YES;
				CLANG_WARN_OBJC_LITERAL_CONVERSION = YES;
				CLANG_WARN_OBJC_ROOT_CLASS = YES_ERROR;
				CLANG_WARN_QUOTED_INCLUDE_IN_FRAMEWORK_HEADER = YES;
				CLANG_WARN_RANGE_LOOP_ANALYSIS = YES;
				CLANG_WARN_STRICT_PROTOTYPES = YES;
				CLANG_WARN_SUSPICIOUS_MOVE = YES;
				CLANG_WARN_UNGUARDED_AVAILABILITY = YES_AGGRESSIVE;
				CLANG_WARN_UNREACHABLE_CODE = YES;
				CLANG_WARN__DUPLICATE_METHOD_MATCH = YES;
				COPY_PHASE_STRIP = NO;
				DEBUG_INFORMATION_FORMAT = "dwarf-with-dsym";
				ENABLE_NS_ASSERTIONS = NO;
				ENABLE_STRICT_OBJC_MSGSEND = YES;
				GCC_C_LANGUAGE_STANDARD = gnu11;
				GCC_NO_COMMON_BLOCKS = YES;
				GCC_WARN_64_TO_32_BIT_CONVERSION = YES;
				GCC_WARN_ABOUT_RETURN_TYPE = YES_ERROR;
				GCC_WARN_UNDECLARED_SELECTOR = YES;
				GCC_WARN_UNINITIALIZED_AUTOS = YES_AGGRESSIVE;
				GCC_WARN_UNUSED_FUNCTION = YES;
				GCC_WARN_UNUSED_VARIABLE = YES;
				IPHONEOS_DEPLOYMENT_TARGET = 12.3;
				MTL_ENABLE_DEBUG_INFO = NO;
				MTL_FAST_MATH = YES;
				SDKROOT = iphoneos;
				SWIFT_COMPILATION_MODE = wholemodule;
				SWIFT_OPTIMIZATION_LEVEL = "-O";
				VALIDATE_PRODUCT = YES;
			};
			name = Release;
		};
		A2521DE026ABF831009270A5 /* Debug */ = {
			isa = XCBuildConfiguration;
			buildSettings = {
				ASSETCATALOG_COMPILER_APPICON_NAME = AppIcon;
				ASSETCATALOG_COMPILER_GLOBAL_ACCENT_COLOR_NAME = AccentColor;
				CODE_SIGN_STYLE = Automatic;
				DEVELOPMENT_TEAM = GQ92PTQY7M;
				INFOPLIST_FILE = Paint/Info.plist;
				IPHONEOS_DEPLOYMENT_TARGET = 12.3;
				LD_RUNPATH_SEARCH_PATHS = (
					"$(inherited)",
					"@executable_path/Frameworks",
				);
				PRODUCT_BUNDLE_IDENTIFIER = com.mudriyilya.Paint;
				PRODUCT_NAME = "$(TARGET_NAME)";
				SWIFT_VERSION = 5.0;
				TARGETED_DEVICE_FAMILY = "1,2";
			};
			name = Debug;
		};
		A2521DE126ABF831009270A5 /* Release */ = {
			isa = XCBuildConfiguration;
			buildSettings = {
				ASSETCATALOG_COMPILER_APPICON_NAME = AppIcon;
				ASSETCATALOG_COMPILER_GLOBAL_ACCENT_COLOR_NAME = AccentColor;
				CODE_SIGN_STYLE = Automatic;
				DEVELOPMENT_TEAM = GQ92PTQY7M;
				INFOPLIST_FILE = Paint/Info.plist;
				IPHONEOS_DEPLOYMENT_TARGET = 12.3;
				LD_RUNPATH_SEARCH_PATHS = (
					"$(inherited)",
					"@executable_path/Frameworks",
				);
				PRODUCT_BUNDLE_IDENTIFIER = com.mudriyilya.Paint;
				PRODUCT_NAME = "$(TARGET_NAME)";
				SWIFT_VERSION = 5.0;
				TARGETED_DEVICE_FAMILY = "1,2";
			};
			name = Release;
		};
/* End XCBuildConfiguration section */

/* Begin XCConfigurationList section */
		A2521DC626ABF82F009270A5 /* Build configuration list for PBXProject "Paint" */ = {
			isa = XCConfigurationList;
			buildConfigurations = (
				A2521DDD26ABF831009270A5 /* Debug */,
				A2521DDE26ABF831009270A5 /* Release */,
			);
			defaultConfigurationIsVisible = 0;
			defaultConfigurationName = Release;
		};
		A2521DDF26ABF831009270A5 /* Build configuration list for PBXNativeTarget "Paint" */ = {
			isa = XCConfigurationList;
			buildConfigurations = (
				A2521DE026ABF831009270A5 /* Debug */,
				A2521DE126ABF831009270A5 /* Release */,
			);
			defaultConfigurationIsVisible = 0;
			defaultConfigurationName = Release;
		};
/* End XCConfigurationList section */
	};
	rootObject = A2521DC326ABF82F009270A5 /* Project object */;
}
